
Microsoft Visual Studio Solution File, Format Version 12.00
# Visual Studio 15
VisualStudioVersion = 15.0.28307.421
MinimumVisualStudioVersion = 10.0.40219.1
Project("{FAE04EC0-301F-11D3-BF4B-00C04F79EFBC}") = "GoogleDocumentsUnifier.Logic", "GoogleDocumentsUnifier.Logic\GoogleDocumentsUnifier.Logic.csproj", "{2FFB0121-FEEF-4B5F-A67F-C875C113A5C0}"
EndProject
Project("{FAE04EC0-301F-11D3-BF4B-00C04F79EFBC}") = "GoogleDocumentsUnifier.LogicTests", "GoogleDocumentsUnifier.LogicTests\GoogleDocumentsUnifier.LogicTests.csproj", "{C59CE5AE-B2A5-4EAA-BFC9-02ED8C6370CA}"
EndProject
Project("{FAE04EC0-301F-11D3-BF4B-00C04F79EFBC}") = "GoogleDocumentsUnifier", "GoogleDocumentsUnifier\GoogleDocumentsUnifier.csproj", "{6C1CCB74-3BF8-4606-9656-024FFFBC2C5E}"
EndProject
Project("{FAE04EC0-301F-11D3-BF4B-00C04F79EFBC}") = "MoscowNvcBot.Console", "MoscowNvcBot.Console\MoscowNvcBot.Console.csproj", "{D53EB328-604F-4C1E-B2A4-F48286A570DB}"
EndProject
Project("{FAE04EC0-301F-11D3-BF4B-00C04F79EFBC}") = "MoscowNvcBot.Web", "MoscowNvcBot.Web\MoscowNvcBot.Web.csproj", "{1552C966-86EE-4A41-B04E-BE878EDC7732}"
EndProject
Global
	GlobalSection(SolutionConfigurationPlatforms) = preSolution
		Debug|Any CPU = Debug|Any CPU
		Release|Any CPU = Release|Any CPU
	EndGlobalSection
	GlobalSection(ProjectConfigurationPlatforms) = postSolution
		{2FFB0121-FEEF-4B5F-A67F-C875C113A5C0}.Debug|Any CPU.ActiveCfg = Debug|Any CPU
		{2FFB0121-FEEF-4B5F-A67F-C875C113A5C0}.Debug|Any CPU.Build.0 = Debug|Any CPU
		{2FFB0121-FEEF-4B5F-A67F-C875C113A5C0}.Release|Any CPU.ActiveCfg = Release|Any CPU
		{2FFB0121-FEEF-4B5F-A67F-C875C113A5C0}.Release|Any CPU.Build.0 = Release|Any CPU
		{C59CE5AE-B2A5-4EAA-BFC9-02ED8C6370CA}.Debug|Any CPU.ActiveCfg = Debug|Any CPU
		{C59CE5AE-B2A5-4EAA-BFC9-02ED8C6370CA}.Debug|Any CPU.Build.0 = Debug|Any CPU
		{C59CE5AE-B2A5-4EAA-BFC9-02ED8C6370CA}.Release|Any CPU.ActiveCfg = Release|Any CPU
		{C59CE5AE-B2A5-4EAA-BFC9-02ED8C6370CA}.Release|Any CPU.Build.0 = Release|Any CPU
		{6C1CCB74-3BF8-4606-9656-024FFFBC2C5E}.Debug|Any CPU.ActiveCfg = Debug|Any CPU
		{6C1CCB74-3BF8-4606-9656-024FFFBC2C5E}.Debug|Any CPU.Build.0 = Debug|Any CPU
		{6C1CCB74-3BF8-4606-9656-024FFFBC2C5E}.Release|Any CPU.ActiveCfg = Release|Any CPU
		{6C1CCB74-3BF8-4606-9656-024FFFBC2C5E}.Release|Any CPU.Build.0 = Release|Any CPU
		{D53EB328-604F-4C1E-B2A4-F48286A570DB}.Debug|Any CPU.ActiveCfg = Debug|Any CPU
		{D53EB328-604F-4C1E-B2A4-F48286A570DB}.Debug|Any CPU.Build.0 = Debug|Any CPU
		{D53EB328-604F-4C1E-B2A4-F48286A570DB}.Release|Any CPU.ActiveCfg = Release|Any CPU
		{D53EB328-604F-4C1E-B2A4-F48286A570DB}.Release|Any CPU.Build.0 = Release|Any CPU
		{1552C966-86EE-4A41-B04E-BE878EDC7732}.Debug|Any CPU.ActiveCfg = Debug|Any CPU
		{1552C966-86EE-4A41-B04E-BE878EDC7732}.Debug|Any CPU.Build.0 = Debug|Any CPU
		{1552C966-86EE-4A41-B04E-BE878EDC7732}.Release|Any CPU.ActiveCfg = Release|Any CPU
		{1552C966-86EE-4A41-B04E-BE878EDC7732}.Release|Any CPU.Build.0 = Release|Any CPU
	EndGlobalSection
	GlobalSection(SolutionProperties) = preSolution
		HideSolutionNode = FALSE
	EndGlobalSection
	GlobalSection(ExtensibilityGlobals) = postSolution
		SolutionGuid = {1C2F88E6-1AD1-49A7-9A11-C64B0AA45A29}
	EndGlobalSection
EndGlobal
